Microsoft Visual Studio Solution File, Format Version 10.00
# Visual Studio 2008
Project("{8BC9CEB8-8B4A-11D0-8D11-00A0C91BC942}") = "curvature_flow", "SPH.vcproj", "{754BECFF-6062-4ABF-B743-4FAE27C3C463}"
	ProjectSection(ProjectDependencies) = postProject
		{DEC5EC86-BBA7-4071-8241-B29AA33C7562} = {DEC5EC86-BBA7-4071-8241-B29AA33C7562}
		{05AAE08C-73CC-4409-8308-15D37A019BF0} = {05AAE08C-73CC-4409-8308-15D37A019BF0}
		{F0E4B2A3-9E69-421E-A263-966A32B61433} = {F0E4B2A3-9E69-421E-A263-966A32B61433}
	EndProjectSection
EndProject
Project("{8BC9CEB8-8B4A-11D0-8D11-00A0C91BC942}") = "glm", "glm\glm.vcproj", "{F0E4B2A3-9E69-421E-A263-966A32B61433}"
EndProject
Project("{8BC9CEB8-8B4A-11D0-8D11-00A0C91BC942}") = "glui", "glui\glui.vcproj", "{05AAE08C-73CC-4409-8308-15D37A019BF0}"
EndProject
Project("{8BC9CEB8-8B4A-11D0-8D11-00A0C91BC942}") = "glee", "glee\glee.vcproj", "{DEC5EC86-BBA7-4071-8241-B29AA33C7562}"
EndProject
Global
	GlobalSection(SolutionConfigurationPlatforms) = preSolution
		Debug|Win32 = Debug|Win32
		EmuDebug|Win32 = EmuDebug|Win32
		Release|Win32 = Release|Win32
	EndGlobalSection
	GlobalSection(ProjectConfigurationPlatforms) = postSolution
		{754BECFF-6062-4ABF-B743-4FAE27C3C463}.Debug|Win32.ActiveCfg = Debug|Win32
		{754BECFF-6062-4ABF-B743-4FAE27C3C463}.Debug|Win32.Build.0 = Debug|Win32
		{754BECFF-6062-4ABF-B743-4FAE27C3C463}.EmuDebug|Win32.ActiveCfg = EmuDebug|Win32
		{754BECFF-6062-4ABF-B743-4FAE27C3C463}.EmuDebug|Win32.Build.0 = EmuDebug|Win32
		{754BECFF-6062-4ABF-B743-4FAE27C3C463}.Release|Win32.ActiveCfg = Release|Win32
		{754BECFF-6062-4ABF-B743-4FAE27C3C463}.Release|Win32.Build.0 = Release|Win32
		{F0E4B2A3-9E69-421E-A263-966A32B61433}.Debug|Win32.ActiveCfg = Debug|Win32
		{F0E4B2A3-9E69-421E-A263-966A32B61433}.Debug|Win32.Build.0 = Debug|Win32
		{F0E4B2A3-9E69-421E-A263-966A32B61433}.EmuDebug|Win32.ActiveCfg = Debug|Win32
		{F0E4B2A3-9E69-421E-A263-966A32B61433}.EmuDebug|Win32.Build.0 = Debug|Win32
		{F0E4B2A3-9E69-421E-A263-966A32B61433}.Release|Win32.ActiveCfg = Release|Win32
		{F0E4B2A3-9E69-421E-A263-966A32B61433}.Release|Win32.Build.0 = Release|Win32
		{05AAE08C-73CC-4409-8308-15D37A019BF0}.Debug|Win32.ActiveCfg = Debug|Win32
		{05AAE08C-73CC-4409-8308-15D37A019BF0}.Debug|Win32.Build.0 = Debug|Win32
		{05AAE08C-73CC-4409-8308-15D37A019BF0}.EmuDebug|Win32.ActiveCfg = Debug|Win32
		{05AAE08C-73CC-4409-8308-15D37A019BF0}.EmuDebug|Win32.Build.0 = Debug|Win32
		{05AAE08C-73CC-4409-8308-15D37A019BF0}.Release|Win32.ActiveCfg = Release|Win32
		{05AAE08C-73CC-4409-8308-15D37A019BF0}.Release|Win32.Build.0 = Release|Win32
		{DEC5EC86-BBA7-4071-8241-B29AA33C7562}.Debug|Win32.ActiveCfg = Debug|Win32
		{DEC5EC86-BBA7-4071-8241-B29AA33C7562}.Debug|Win32.Build.0 = Debug|Win32
		{DEC5EC86-BBA7-4071-8241-B29AA33C7562}.EmuDebug|Win32.ActiveCfg = Debug|Win32
		{DEC5EC86-BBA7-4071-8241-B29AA33C7562}.EmuDebug|Win32.Build.0 = Debug|Win32
		{DEC5EC86-BBA7-4071-8241-B29AA33C7562}.Release|Win32.ActiveCfg = Release|Win32
		{DEC5EC86-BBA7-4071-8241-B29AA33C7562}.Release|Win32.Build.0 = Release|Win32
	EndGlobalSection
	GlobalSection(SolutionProperties) = preSolution
		HideSolutionNode = FALSE
	EndGlobalSection
EndGlobal
